{
  "name": "miniprogram-7",
  "version": "1.0.0",
  "lockfileVersion": 1,
  "requires": true,
  "dependencies": {
    "lin-ui": {
      "version": "0.9.4",
      "resolved": "https://registry.npmjs.org/lin-ui/-/lin-ui-0.9.4.tgz",
      "integrity": "sha512-JS4U2ggpPHg9i9EKcSTO5rtFcFG+3qOL7Y8xFlrI7a3/46DLibsucz7WGIBsIvxJktzJreoS+j4tz6ZofL8/XQ=="
    }
  }
}